<?xml version="1.0" encoding="utf-8"?>
<Project ToolsVersion="4.0" xmlns="http://schemas.microsoft.com/developer/msbuild/2003">
  <ItemGroup>
    <ClCompile Include="lodepng.cpp" />
    <ClCompile Include="main_file.cpp" />
    <ClCompile Include="model.cpp">
      <Filter>Objects</Filter>
    </ClCompile>
    <ClCompile Include="fish.cpp">
      <Filter>Objects</Filter>
    </ClCompile>
    <ClCompile Include="object.cpp">
      <Filter>Objects</Filter>
    </ClCompile>
    <ClCompile Include="model_loader.cpp">
      <Filter>Objects</Filter>
    </ClCompile>
    <ClCompile Include="scene_mgr.cpp">
      <Filter>Scene</Filter>
    </ClCompile>
    <ClCompile Include="shaderprogram.cpp">
      <Filter>Shader</Filter>
    </ClCompile>
    <ClCompile Include="file_model.cpp">
      <Filter>Objects</Filter>
    </ClCompile>
    <ClCompile Include="ground_model.cpp">
      <Filter>Objects</Filter>
    </ClCompile>
  </ItemGroup>
  <ItemGroup>
    <ClInclude Include="constants.h" />
    <ClInclude Include="global.h" />
    <ClInclude Include="lodepng.h" />
    <ClInclude Include="model.h">
      <Filter>Objects</Filter>
    </ClInclude>
    <ClInclude Include="fish.h">
      <Filter>Objects</Filter>
    </ClInclude>
    <ClInclude Include="object.h">
      <Filter>Objects</Filter>
    </ClInclude>
    <ClInclude Include="model_loader.h">
      <Filter>Objects</Filter>
    </ClInclude>
    <ClInclude Include="scene_mgr.h">
      <Filter>Scene</Filter>
    </ClInclude>
    <ClInclude Include="shaderprogram.h">
      <Filter>Shader</Filter>
    </ClInclude>
    <ClInclude Include="file_model.h">
      <Filter>Objects</Filter>
    </ClInclude>
    <ClInclude Include="ground_model.h">
      <Filter>Objects</Filter>
    </ClInclude>
  </ItemGroup>
  <ItemGroup>
    <None Include="shader_f.glsl">
      <Filter>Shader</Filter>
    </None>
    <None Include="shader_v.glsl">
      <Filter>Shader</Filter>
    </None>
  </ItemGroup>
  <ItemGroup>
    <Filter Include="Scene">
      <UniqueIdentifier>{443a8fa3-8729-4874-b7fa-afac8a0497cb}</UniqueIdentifier>
    </Filter>
    <Filter Include="Objects">
      <UniqueIdentifier>{c05fb20c-9c53-4add-aff8-eaef238694a7}</UniqueIdentifier>
    </Filter>
    <Filter Include="Shader">
      <UniqueIdentifier>{42f32b48-84ae-4d59-ba3a-04fbe8a494a7}</UniqueIdentifier>
    </Filter>
  </ItemGroup>
</Project>